# This file is automatically @generated by Cargo.
# It is not intended for manual editing.
version = 4

[[package]]
name = "chitti-csslayout"
version = "0.1.0"
dependencies = [
 "htmlparser",
]

[[package]]
name = "htmlparser"
version = "0.2.1"
source = "registry+https://github.com/rust-lang/crates.io-index"
checksum = "48ce8546b993eaf241d69ded33b1be6d205dd9857ec879d9d18bd05d3676e144"
